<?xml version="1.0" encoding="utf-8"?>
<Project ToolsVersion="4.0" xmlns="http://schemas.microsoft.com/developer/msbuild/2003">
  <ItemGroup>
    <Filter Include="Source Files">
      <UniqueIdentifier>{4FC737F1-C7A5-4376-A066-2A32D752A2FF}</UniqueIdentifier>
      <Extensions>cpp;c;cc;cxx;def;odl;idl;hpj;bat;asm;asmx</Extensions>
    </Filter>
    <Filter Include="Header Files">
      <UniqueIdentifier>{93995380-89BD-4b04-88EB-625FBE52EBFB}</UniqueIdentifier>
      <Extensions>h;hh;hpp;hxx;hm;inl;inc;ipp;xsd</Extensions>
    </Filter>
    <Filter Include="Resource Files">
      <UniqueIdentifier>{67DA6AB6-F800-4c08-8B7A-83BB121AAD01}</UniqueIdentifier>
      <Extensions>rc;ico;cur;bmp;dlg;rc2;rct;bin;rgs;gif;jpg;jpeg;jpe;resx;tiff;tif;png;wav;mfcribbon-ms</Extensions>
    </Filter>
    <Filter Include="Data">
      <UniqueIdentifier>{6750c9d8-5a66-49b4-a6ef-1ea23ab48a78}</UniqueIdentifier>
    </Filter>
    <Filter Include="GI">
      <UniqueIdentifier>{c90fc6b4-1aa9-4d54-b062-11c2ff1c1d8d}</UniqueIdentifier>
    </Filter>
    <Filter Include="GI\Data">
      <UniqueIdentifier>{7aa808b3-7971-4fd3-8cc2-e2fd4a558fba}</UniqueIdentifier>
    </Filter>
  </ItemGroup>
  <ItemGroup>
    <ClCompile Include="..\..\Source\Renderer\DeferredRenderer.cpp">
      <Filter>Source Files</Filter>
    </ClCompile>
    <ClCompile Include="..\..\Source\Renderer\DeferredRendererControls.cpp">
      <Filter>Source Files</Filter>
    </ClCompile>
    <ClCompile Include="..\..\Source\Renderer\DeferredRendererSceneRenderer.cpp">
      <Filter>Source Files</Filter>
    </ClCompile>
    <ClCompile Include="..\..\Source\GI\GlobaIllumination.cpp">
      <Filter>GI</Filter>
    </ClCompile>
  </ItemGroup>
  <ItemGroup>
    <ClInclude Include="..\..\Source\Renderer\DeferredRenderer.h">
      <Filter>Header Files</Filter>
    </ClInclude>
    <ClInclude Include="..\..\Source\Renderer\DeferredRendererSceneRenderer.h">
      <Filter>Header Files</Filter>
    </ClInclude>
    <ClInclude Include="..\..\Source\GI\Data\HostDeviceSurfelsData.h">
      <Filter>GI\Data</Filter>
    </ClInclude>
    <ClInclude Include="..\..\Source\GI\GlobaIllumination.h">
      <Filter>GI</Filter>
    </ClInclude>
  </ItemGroup>
  <ItemGroup>
    <None Include="..\..\Source\Renderer\Data\DepthPass.ps.slang">
      <Filter>Data</Filter>
    </None>
    <None Include="packages.config" />
    <None Include="..\..\Source\Renderer\Data\GBufferPass.slang">
      <Filter>Data</Filter>
    </None>
    <None Include="..\..\Source\Renderer\Data\LightingPass.ps.slang">
      <Filter>Data</Filter>
    </None>
    <None Include="..\..\Source\Renderer\Data\ApplyAOGI.slang">
      <Filter>Data</Filter>
    </None>
    <None Include="..\..\Source\GI\Data\ComputeCoverage.slang">
      <Filter>GI\Data</Filter>
    </None>
    <None Include="..\..\Source\GI\Data\GICommon.slang">
      <Filter>GI\Data</Filter>
    </None>
    <None Include="..\..\Source\GI\Data\Random.slang">
      <Filter>GI\Data</Filter>
    </None>
    <None Include="..\..\Source\GI\Data\SpawnSurfels.slang">
      <Filter>GI\Data</Filter>
    </None>
    <None Include="..\..\Source\GI\Data\ExclusiveScan.slang">
      <Filter>GI\Data</Filter>
    </None>
    <None Include="..\..\Source\GI\Data\SurfelsRendering.slang">
      <Filter>GI\Data</Filter>
    </None>
    <None Include="..\..\Source\GI\Data\SurfelsAccumulate.slang">
      <Filter>GI\Data</Filter>
    </None>
  </ItemGroup>
</Project>